Microsoft Visual Studio Solution File, Format Version 12.00
# Visual Studio Version 17
VisualStudioVersion = 17.5.2.0
MinimumVisualStudioVersion = 10.0.40219.1
Project("{FAE04EC0-301F-11D3-BF4B-00C04F79EFBC}") = "ValetKey.Client", "ValetKey.Client.csproj", "{86A7C5C7-5729-9F50-6C7F-FAB084F82B7C}"
EndProject
Global
	GlobalSection(SolutionConfigurationPlatforms) = preSolution
		Debug|Any CPU = Debug|Any CPU
		Release|Any CPU = Release|Any CPU
	EndGlobalSection
	GlobalSection(ProjectConfigurationPlatforms) = postSolution
		{86A7C5C7-5729-9F50-6C7F-FAB084F82B7C}.Debug|Any CPU.ActiveCfg = Debug|Any CPU
		{86A7C5C7-5729-9F50-6C7F-FAB084F82B7C}.Debug|Any CPU.Build.0 = Debug|Any CPU
		{86A7C5C7-5729-9F50-6C7F-FAB084F82B7C}.Release|Any CPU.ActiveCfg = Release|Any CPU
		{86A7C5C7-5729-9F50-6C7F-FAB084F82B7C}.Release|Any CPU.Build.0 = Release|Any CPU
	EndGlobalSection
	GlobalSection(SolutionProperties) = preSolution
		HideSolutionNode = FALSE
	EndGlobalSection
	GlobalSection(ExtensibilityGlobals) = postSolution
		SolutionGuid = {6CAA9BAA-BDC4-4D45-9C96-5F5F76C2E9A2}
	EndGlobalSection
EndGlobal
