Microsoft Visual Studio Solution File, Format Version 12.00
# Visual Studio Version 17
VisualStudioVersion = 17.5.2.0
MinimumVisualStudioVersion = 10.0.40219.1
Project("{FAE04EC0-301F-11D3-BF4B-00C04F79EFBC}") = "ValetKey.Web", "ValetKey.Web.csproj", "{A57A3A86-D6CC-373D-2CFA-AE9993212616}"
EndProject
Global
	GlobalSection(SolutionConfigurationPlatforms) = preSolution
		Debug|Any CPU = Debug|Any CPU
		Release|Any CPU = Release|Any CPU
	EndGlobalSection
	GlobalSection(ProjectConfigurationPlatforms) = postSolution
		{A57A3A86-D6CC-373D-2CFA-AE9993212616}.Debug|Any CPU.ActiveCfg = Debug|Any CPU
		{A57A3A86-D6CC-373D-2CFA-AE9993212616}.Debug|Any CPU.Build.0 = Debug|Any CPU
		{A57A3A86-D6CC-373D-2CFA-AE9993212616}.Release|Any CPU.ActiveCfg = Release|Any CPU
		{A57A3A86-D6CC-373D-2CFA-AE9993212616}.Release|Any CPU.Build.0 = Release|Any CPU
	EndGlobalSection
	GlobalSection(SolutionProperties) = preSolution
		HideSolutionNode = FALSE
	EndGlobalSection
	GlobalSection(ExtensibilityGlobals) = postSolution
		SolutionGuid = {0CE7B41D-C279-40F3-AD16-0F3E4BEE5D48}
	EndGlobalSection
EndGlobal
